
Microsoft Visual Studio Solution File, Format Version 12.00
# Visual Studio Version 17
VisualStudioVersion = 17.7.34009.444
MinimumVisualStudioVersion = 10.0.40219.1
Project("{FAE04EC0-301F-11D3-BF4B-00C04F79EFBC}") = "N_Queen_Solution", "N_Queen_Solution.csproj", "{A76610C7-4700-46AE-B4B2-A416E4FE53D5}"
EndProject
Global
	GlobalSection(SolutionConfigurationPlatforms) = preSolution
		Debug|Any CPU = Debug|Any CPU
		Release|Any CPU = Release|Any CPU
	EndGlobalSection
	GlobalSection(ProjectConfigurationPlatforms) = postSolution
		{A76610C7-4700-46AE-B4B2-A416E4FE53D5}.Debug|Any CPU.ActiveCfg = Debug|Any CPU
		{A76610C7-4700-46AE-B4B2-A416E4FE53D5}.Debug|Any CPU.Build.0 = Debug|Any CPU
		{A76610C7-4700-46AE-B4B2-A416E4FE53D5}.Release|Any CPU.ActiveCfg = Release|Any CPU
		{A76610C7-4700-46AE-B4B2-A416E4FE53D5}.Release|Any CPU.Build.0 = Release|Any CPU
	EndGlobalSection
	GlobalSection(SolutionProperties) = preSolution
		HideSolutionNode = FALSE
	EndGlobalSection
	GlobalSection(ExtensibilityGlobals) = postSolution
		SolutionGuid = {25B26101-3F50-44D2-8457-B069C062871A}
	EndGlobalSection
EndGlobal
